// !$*UTF8*$!
{
	archiveVersion = 1;
	classes = {
	};
	objectVersion = 48;
	objects = {

/* Begin PBXBuildFile section */
		20383754211937FA00C59B82 /* iu.jpeg in Resources */ = {isa = PBXBuildFile; fileRef = 20383753211937FA00C59B82 /* iu.jpeg */; };
		2065CBD320E1DB520082F115 /* AppDelegate.swift in Sources */ = {isa = PBXBuildFile; fileRef = 2065CBD220E1DB520082F115 /* AppDelegate.swift */; };
		2065CBD520E1DB520082F115 /* AddLegoSetViewController.swift in Sources */ = {isa = PBXBuildFile; fileRef = 2065CBD420E1DB520082F115 /* AddLegoSetViewController.swift */; };
		2065CBD820E1DB520082F115 /* Main.storyboard in Resources */ = {isa = PBXBuildFile; fileRef = 2065CBD620E1DB520082F115 /* Main.storyboard */; };
		2065CBDB20E1DB520082F115 /* LegoSetTracker.xcdatamodeld in Sources */ = {isa = PBXBuildFile; fileRef = 2065CBD920E1DB520082F115 /* LegoSetTracker.xcdatamodeld */; };
		2065CBDD20E1DB520082F115 /* Assets.xcassets in Resources */ = {isa = PBXBuildFile; fileRef = 2065CBDC20E1DB520082F115 /* Assets.xcassets */; };
		2065CBE020E1DB520082F115 /* LaunchScreen.storyboard in Resources */ = {isa = PBXBuildFile; fileRef = 2065CBDE20E1DB520082F115 /* LaunchScreen.storyboard */; };
		20A574822134DBE500076128 /* LegoSetsTableViewController.swift in Sources */ = {isa = PBXBuildFile; fileRef = 20A574812134DBE500076128 /* LegoSetsTableViewController.swift */; };
/* End PBXBuildFile section */

/* Begin PBXFileReference section */
		20383753211937FA00C59B82 /* iu.jpeg */ = {isa = PBXFileReference; lastKnownFileType = image.jpeg; path = iu.jpeg; sourceTree = "<group>"; };
		2065CBCF20E1DB520082F115 /* Lego List.app */ = {isa = PBXFileReference; explicitFileType = wrapper.application; includeInIndex = 0; path = "Lego List.app"; sourceTree = BUILT_PRODUCTS_DIR; };
		2065CBD220E1DB520082F115 /* AppDelegate.swift */ = {isa = PBXFileReference; lastKnownFileType = sourcecode.swift; path = AppDelegate.swift; sourceTree = "<group>"; };
		2065CBD420E1DB520082F115 /* AddLegoSetViewController.swift */ = {isa = PBXFileReference; lastKnownFileType = sourcecode.swift; path = AddLegoSetViewController.swift; sourceTree = "<group>"; };
		2065CBD720E1DB520082F115 /* Base */ = {isa = PBXFileReference; lastKnownFileType = file.storyboard; name = Base; path = Base.lproj/Main.storyboard; sourceTree = "<group>"; };
		2065CBDA20E1DB520082F115 /* LegoSetTracker.xcdatamodel */ = {isa = PBXFileReference; lastKnownFileType = wrapper.xcdatamodel; path = LegoSetTracker.xcdatamodel; sourceTree = "<group>"; };
		2065CBDC20E1DB520082F115 /* Assets.xcassets */ = {isa = PBXFileReference; lastKnownFileType = folder.assetcatalog; path = Assets.xcassets; sourceTree = "<group>"; };
		2065CBDF20E1DB520082F115 /* Base */ = {isa = PBXFileReference; lastKnownFileType = file.storyboard; name = Base; path = Base.lproj/LaunchScreen.storyboard; sourceTree = "<group>"; };
		2065CBE120E1DB520082F115 /* Info.plist */ = {isa = PBXFileReference; lastKnownFileType = text.plist.xml; path = Info.plist; sourceTree = "<group>"; };
		20A574812134DBE500076128 /* LegoSetsTableViewController.swift */ = {isa = PBXFileReference; lastKnownFileType = sourcecode.swift; path = LegoSetsTableViewController.swift; sourceTree = "<group>"; };
/* End PBXFileReference section */

/* Begin PBXFrameworksBuildPhase section */
		2065CBCC20E1DB520082F115 /* Frameworks */ = {
			isa = PBXFrameworksBuildPhase;
			buildActionMask = 2147483647;
			files = (
			);
			runOnlyForDeploymentPostprocessing = 0;
		};
/* End PBXFrameworksBuildPhase section */

/* Begin PBXGroup section */
		2065CBC620E1DB520082F115 = {
			isa = PBXGroup;
			children = (
				2065CBD120E1DB520082F115 /* LegoSetTracker */,
				2065CBD020E1DB520082F115 /* Products */,
			);
			sourceTree = "<group>";
		};
		2065CBD020E1DB520082F115 /* Products */ = {
			isa = PBXGroup;
			children = (
				2065CBCF20E1DB520082F115 /* Lego List.app */,
			);
			name = Products;
			sourceTree = "<group>";
		};
		2065CBD120E1DB520082F115 /* LegoSetTracker */ = {
			isa = PBXGroup;
			children = (
				2065CBD220E1DB520082F115 /* AppDelegate.swift */,
				2065CBD420E1DB520082F115 /* AddLegoSetViewController.swift */,
				2065CBD620E1DB520082F115 /* Main.storyboard */,
				2065CBDC20E1DB520082F115 /* Assets.xcassets */,
				2065CBDE20E1DB520082F115 /* LaunchScreen.storyboard */,
				2065CBE120E1DB520082F115 /* Info.plist */,
				2065CBD920E1DB520082F115 /* LegoSetTracker.xcdatamodeld */,
				20383753211937FA00C59B82 /* iu.jpeg */,
				20A574812134DBE500076128 /* LegoSetsTableViewController.swift */,
			);
			path = LegoSetTracker;
			sourceTree = "<group>";
		};
/* End PBXGroup section */

/* Begin PBXNativeTarget section */
		2065CBCE20E1DB520082F115 /* Lego List */ = {
			isa = PBXNativeTarget;
			buildConfigurationList = 2065CBE420E1DB520082F115 /* Build configuration list for PBXNativeTarget "Lego List" */;
			buildPhases = (
				2065CBCB20E1DB520082F115 /* Sources */,
				2065CBCC20E1DB520082F115 /* Frameworks */,
				2065CBCD20E1DB520082F115 /* Resources */,
			);
			buildRules = (
			);
			dependencies = (
			);
			name = "Lego List";
			productName = LegoSetTracker;
			productReference = 2065CBCF20E1DB520082F115 /* Lego List.app */;
			productType = "com.apple.product-type.application";
		};
/* End PBXNativeTarget section */

/* Begin PBXProject section */
		2065CBC720E1DB520082F115 /* Project object */ = {
			isa = PBXProject;
			attributes = {
				LastSwiftUpdateCheck = 0920;
				LastUpgradeCheck = 0920;
				ORGANIZATIONNAME = "Luke Kollen";
				TargetAttributes = {
					2065CBCE20E1DB520082F115 = {
						CreatedOnToolsVersion = 9.2;
						ProvisioningStyle = Automatic;
					};
				};
			};
			buildConfigurationList = 2065CBCA20E1DB520082F115 /* Build configuration list for PBXProject "Lego List" */;
			compatibilityVersion = "Xcode 8.0";
			developmentRegion = en;
			hasScannedForEncodings = 0;
			knownRegions = (
				en,
				Base,
			);
			mainGroup = 2065CBC620E1DB520082F115;
			productRefGroup = 2065CBD020E1DB520082F115 /* Products */;
			projectDirPath = "";
			projectRoot = "";
			targets = (
				2065CBCE20E1DB520082F115 /* Lego List */,
			);
		};
/* End PBXProject section */

/* Begin PBXResourcesBuildPhase section */
		2065CBCD20E1DB520082F115 /* Resources */ = {
			isa = PBXResourcesBuildPhase;
			buildActionMask = 2147483647;
			files = (
				2065CBE020E1DB520082F115 /* LaunchScreen.storyboard in Resources */,
				20383754211937FA00C59B82 /* iu.jpeg in Resources */,
				2065CBDD20E1DB520082F115 /* Assets.xcassets in Resources */,
				2065CBD820E1DB520082F115 /* Main.storyboard in Resources */,
			);
			runOnlyForDeploymentPostprocessing = 0;
		};
/* End PBXResourcesBuildPhase section */

/* Begin PBXSourcesBuildPhase section */
		2065CBCB20E1DB520082F115 /* Sources */ = {
			isa = PBXSourcesBuildPhase;
			buildActionMask = 2147483647;
			files = (
				2065CBD520E1DB520082F115 /* AddLegoSetViewController.swift in Sources */,
				2065CBDB20E1DB520082F115 /* LegoSetTracker.xcdatamodeld in Sources */,
				2065CBD320E1DB520082F115 /* AppDelegate.swift in Sources */,
				20A574822134DBE500076128 /* LegoSetsTableViewController.swift in Sources */,
			);
			runOnlyForDeploymentPostprocessing = 0;
		};
/* End PBXSourcesBuildPhase section */

/* Begin PBXVariantGroup section */
		2065CBD620E1DB520082F115 /* Main.storyboard */ = {
			isa = PBXVariantGroup;
			children = (
				2065CBD720E1DB520082F115 /* Base */,
			);
			name = Main.storyboard;
			sourceTree = "<group>";
		};
		2065CBDE20E1DB520082F115 /* LaunchScreen.storyboard */ = {
			isa = PBXVariantGroup;
			children = (
				2065CBDF20E1DB520082F115 /* Base */,
			);
			name = LaunchScreen.storyboard;
			sourceTree = "<group>";
		};
/* End PBXVariantGroup section */

/* Begin XCBuildConfiguration section */
		2065CBE220E1DB520082F115 /* Debug */ = {
			isa = XCBuildConfiguration;
			buildSettings = {
				ALWAYS_SEARCH_USER_PATHS = NO;
				CLANG_ANALYZER_NONNULL = YES;
				CLANG_ANALYZER_NUMBER_OBJECT_CONVERSION = YES_AGGRESSIVE;
				CLANG_CXX_LANGUAGE_STANDARD = "gnu++14";
				CLANG_CXX_LIBRARY = "libc++";
				CLANG_ENABLE_MODULES = YES;
				CLANG_ENABLE_OBJC_ARC = YES;
				CLANG_WARN_BLOCK_CAPTURE_AUTORELEASING = YES;
				CLANG_WARN_BOOL_CONVERSION = YES;
				CLANG_WARN_COMMA = YES;
				CLANG_WARN_CONSTANT_CONVERSION = YES;
				CLANG_WARN_DIRECT_OBJC_ISA_USAGE = YES_ERROR;
				CLANG_WARN_DOCUMENTATION_COMMENTS = YES;
				CLANG_WARN_EMPTY_BODY = YES;
				CLANG_WARN_ENUM_CONVERSION = YES;
				CLANG_WARN_INFINITE_RECURSION = YES;
				CLANG_WARN_INT_CONVERSION = YES;
				CLANG_WARN_NON_LITERAL_NULL_CONVERSION = YES;
				CLANG_WARN_OBJC_LITERAL_CONVERSION = YES;
				CLANG_WARN_OBJC_ROOT_CLASS = YES_ERROR;
				CLANG_WARN_RANGE_LOOP_ANALYSIS = YES;
				CLANG_WARN_STRICT_PROTOTYPES = YES;
				CLANG_WARN_SUSPICIOUS_MOVE = YES;
				CLANG_WARN_UNGUARDED_AVAILABILITY = YES_AGGRESSIVE;
				CLANG_WARN_UNREACHABLE_CODE = YES;
				CLANG_WARN__DUPLICATE_METHOD_MATCH = YES;
				CODE_SIGN_IDENTITY = "iPhone Developer";
				COPY_PHASE_STRIP = NO;
				DEBUG_INFORMATION_FORMAT = dwarf;
				ENABLE_STRICT_OBJC_MSGSEND = YES;
				ENABLE_TESTABILITY = YES;
				GCC_C_LANGUAGE_STANDARD = gnu11;
				GCC_DYNAMIC_NO_PIC = NO;
				GCC_NO_COMMON_BLOCKS = YES;
				GCC_OPTIMIZATION_LEVEL = 0;
				GCC_PREPROCESSOR_DEFINITIONS = (
					"DEBUG=1",
					"$(inherited)",
				);
				GCC_WARN_64_TO_32_BIT_CONVERSION = YES;
				GCC_WARN_ABOUT_RETURN_TYPE = YES_ERROR;
				GCC_WARN_UNDECLARED_SELECTOR = YES;
				GCC_WARN_UNINITIALIZED_AUTOS = YES_AGGRESSIVE;
				GCC_WARN_UNUSED_FUNCTION = YES;
				GCC_WARN_UNUSED_VARIABLE = YES;
				IPHONEOS_DEPLOYMENT_TARGET = 11.2;
				MTL_ENABLE_DEBUG_INFO = YES;
				ONLY_ACTIVE_ARCH = YES;
				SDKROOT = iphoneos;
				SWIFT_ACTIVE_COMPILATION_CONDITIONS = DEBUG;
				SWIFT_OPTIMIZATION_LEVEL = "-Onone";
			};
			name = Debug;
		};
		2065CBE320E1DB520082F115 /* Release */ = {
			isa = XCBuildConfiguration;
			buildSettings = {
				ALWAYS_SEARCH_USER_PATHS = NO;
				CLANG_ANALYZER_NONNULL = YES;
				CLANG_ANALYZER_NUMBER_OBJECT_CONVERSION = YES_AGGRESSIVE;
				CLANG_CXX_LANGUAGE_STANDARD = "gnu++14";
				CLANG_CXX_LIBRARY = "libc++";
				CLANG_ENABLE_MODULES = YES;
				CLANG_ENABLE_OBJC_ARC = YES;
				CLANG_WARN_BLOCK_CAPTURE_AUTORELEASING = YES;
				CLANG_WARN_BOOL_CONVERSION = YES;
				CLANG_WARN_COMMA = YES;
				CLANG_WARN_CONSTANT_CONVERSION = YES;
				CLANG_WARN_DIRECT_OBJC_ISA_USAGE = YES_ERROR;
				CLANG_WARN_DOCUMENTATION_COMMENTS = YES;
				CLANG_WARN_EMPTY_BODY = YES;
				CLANG_WARN_ENUM_CONVERSION = YES;
				CLANG_WARN_INFINITE_RECURSION = YES;
				CLANG_WARN_INT_CONVERSION = YES;
				CLANG_WARN_NON_LITERAL_NULL_CONVERSION = YES;
				CLANG_WARN_OBJC_LITERAL_CONVERSION = YES;
				CLANG_WARN_OBJC_ROOT_CLASS = YES_ERROR;
				CLANG_WARN_RANGE_LOOP_ANALYSIS = YES;
				CLANG_WARN_STRICT_PROTOTYPES = YES;
				CLANG_WARN_SUSPICIOUS_MOVE = YES;
				CLANG_WARN_UNGUARDED_AVAILABILITY = YES_AGGRESSIVE;
				CLANG_WARN_UNREACHABLE_CODE = YES;
				CLANG_WARN__DUPLICATE_METHOD_MATCH = YES;
				CODE_SIGN_IDENTITY = "iPhone Developer";
				COPY_PHASE_STRIP = NO;
				DEBUG_INFORMATION_FORMAT = "dwarf-with-dsym";
				ENABLE_NS_ASSERTIONS = NO;
				ENABLE_STRICT_OBJC_MSGSEND = YES;
				GCC_C_LANGUAGE_STANDARD = gnu11;
				GCC_NO_COMMON_BLOCKS = YES;
				GCC_WARN_64_TO_32_BIT_CONVERSION = YES;
				GCC_WARN_ABOUT_RETURN_TYPE = YES_ERROR;
				GCC_WARN_UNDECLARED_SELECTOR = YES;
				GCC_WARN_UNINITIALIZED_AUTOS = YES_AGGRESSIVE;
				GCC_WARN_UNUSED_FUNCTION = YES;
				GCC_WARN_UNUSED_VARIABLE = YES;
				IPHONEOS_DEPLOYMENT_TARGET = 11.2;
				MTL_ENABLE_DEBUG_INFO = NO;
				SDKROOT = iphoneos;
				SWIFT_OPTIMIZATION_LEVEL = "-Owholemodule";
				VALIDATE_PRODUCT = YES;
			};
			name = Release;
		};
		2065CBE520E1DB520082F115 /* Debug */ = {
			isa = XCBuildConfiguration;
			buildSettings = {
				ASSETCATALOG_COMPILER_APPICON_NAME = AppIcon;
				CODE_SIGN_STYLE = Automatic;
				DEVELOPMENT_TEAM = 9U7TWGENK7;
				INFOPLIST_FILE = LegoSetTracker/Info.plist;
				LD_RUNPATH_SEARCH_PATHS = "$(inherited) @executable_path/Frameworks";
				PRODUCT_BUNDLE_IDENTIFIER = com.lukekollen.projects.LegoList;
				PRODUCT_NAME = "$(TARGET_NAME)";
				SWIFT_VERSION = 4.0;
				TARGETED_DEVICE_FAMILY = "1,2";
			};
			name = Debug;
		};
		2065CBE620E1DB520082F115 /* Release */ = {
			isa = XCBuildConfiguration;
			buildSettings = {
				ASSETCATALOG_COMPILER_APPICON_NAME = AppIcon;
				CODE_SIGN_STYLE = Automatic;
				DEVELOPMENT_TEAM = 9U7TWGENK7;
				INFOPLIST_FILE = LegoSetTracker/Info.plist;
				LD_RUNPATH_SEARCH_PATHS = "$(inherited) @executable_path/Frameworks";
				PRODUCT_BUNDLE_IDENTIFIER = com.lukekollen.projects.LegoList;
				PRODUCT_NAME = "$(TARGET_NAME)";
				SWIFT_VERSION = 4.0;
				TARGETED_DEVICE_FAMILY = "1,2";
			};
			name = Release;
		};
/* End XCBuildConfiguration section */

/* Begin XCConfigurationList section */
		2065CBCA20E1DB520082F115 /* Build configuration list for PBXProject "Lego List" */ = {
			isa = XCConfigurationList;
			buildConfigurations = (
				2065CBE220E1DB520082F115 /* Debug */,
				2065CBE320E1DB520082F115 /* Release */,
			);
			defaultConfigurationIsVisible = 0;
			defaultConfigurationName = Release;
		};
		2065CBE420E1DB520082F115 /* Build configuration list for PBXNativeTarget "Lego List" */ = {
			isa = XCConfigurationList;
			buildConfigurations = (
				2065CBE520E1DB520082F115 /* Debug */,
				2065CBE620E1DB520082F115 /* Release */,
			);
			defaultConfigurationIsVisible = 0;
			defaultConfigurationName = Release;
		};
/* End XCConfigurationList section */

/* Begin XCVersionGroup section */
		2065CBD920E1DB520082F115 /* LegoSetTracker.xcdatamodeld */ = {
			isa = XCVersionGroup;
			children = (
				2065CBDA20E1DB520082F115 /* LegoSetTracker.xcdatamodel */,
			);
			currentVersion = 2065CBDA20E1DB520082F115 /* LegoSetTracker.xcdatamodel */;
			path = LegoSetTracker.xcdatamodeld;
			sourceTree = "<group>";
			versionGroupType = wrapper.xcdatamodel;
		};
/* End XCVersionGroup section */
	};
	rootObject = 2065CBC720E1DB520082F115 /* Project object */;
}
